{
  "nodes": {
    "home-manager": {
      "inputs": {
        "nixpkgs": [
          "nixpkgs"
        ]
      },
      "locked": {
        "lastModified": 1764304195,
        "narHash": "sha256-bO7FN/bF6gG7TlZpKAZjO3VvfsLaPFkefeUfJJ7F/7w=",
        "owner": "nix-community",
        "repo": "home-manager",
        "rev": "86ff0ef506c209bb397849706e85cc3a913cb577",
        "type": "github"
      },
      "original": {
        "owner": "nix-community",
        "repo": "home-manager",
        "type": "github"
      }
    },
    "nixCats": {
      "inputs": {
        "nixCats": "nixCats_2",
        "nixpkgs": [
          "nixpkgs"
        ]
      },
      "locked": {
        "lastModified": 1766337534,
        "narHash": "sha256-arKsqH/S3wi3/ahFuRESoaoSBsl2e8P2qR0mIfKS1SI=",
        "owner": "arntanguy",
        "repo": "nvim-nix",
        "rev": "a63ca4a56c69f42664d2adeebbec5a32eb956885",
        "type": "github"
      },
      "original": {
        "owner": "arntanguy",
        "repo": "nvim-nix",
        "type": "github"
      }
    },
    "nixCats_2": {
      "locked": {
        "lastModified": 1765766599,
        "narHash": "sha256-0iM0tIsxBhsvSZaJNSIPUne4evRcrNIdUk5ywu371x0=",
        "owner": "BirdeeHub",
        "repo": "nixCats-nvim",
        "rev": "d0cb5f9f666289a82a61c77509378543eda2c9fb",
        "type": "github"
      },
      "original": {
        "owner": "BirdeeHub",
        "repo": "nixCats-nvim",
        "type": "github"
      }
    },
    "nixpkgs": {
      "locked": {
        "lastModified": 1766201043,
        "narHash": "sha256-eplAP+rorKKd0gNjV3rA6+0WMzb1X1i16F5m5pASnjA=",
        "owner": "nixos",
        "repo": "nixpkgs",
        "rev": "b3aad468604d3e488d627c0b43984eb60e75e782",
        "type": "github"
      },
      "original": {
        "owner": "nixos",
        "ref": "nixos-25.11",
        "repo": "nixpkgs",
        "type": "github"
      }
    },
    "root": {
      "inputs": {
        "home-manager": "home-manager",
        "nixCats": "nixCats",
        "nixpkgs": "nixpkgs"
      }
    }
  },
  "root": "root",
  "version": 7
}
